// !$*UTF8*$!
{
	archiveVersion = 1;
	classes = {
	};
	objectVersion = 56;
	objects = {

/* Begin PBXBuildFile section */
		026F412B2B9B580700BA5074 /* AppDelegate.swift in Sources */ = {isa = PBXBuildFile; fileRef = 026F412A2B9B580700BA5074 /* AppDelegate.swift */; };
		026F412D2B9B580700BA5074 /* SceneDelegate.swift in Sources */ = {isa = PBXBuildFile; fileRef = 026F412C2B9B580700BA5074 /* SceneDelegate.swift */; };
		026F412F2B9B580700BA5074 /* MainScreen.swift in Sources */ = {isa = PBXBuildFile; fileRef = 026F412E2B9B580700BA5074 /* MainScreen.swift */; };
		026F41322B9B580700BA5074 /* Main.storyboard in Resources */ = {isa = PBXBuildFile; fileRef = 026F41302B9B580700BA5074 /* Main.storyboard */; };
		026F41342B9B580800BA5074 /* Assets.xcassets in Resources */ = {isa = PBXBuildFile; fileRef = 026F41332B9B580800BA5074 /* Assets.xcassets */; };
		026F41372B9B580800BA5074 /* LaunchScreen.storyboard in Resources */ = {isa = PBXBuildFile; fileRef = 026F41352B9B580800BA5074 /* LaunchScreen.storyboard */; };
		026F41442B9B58DA00BA5074 /* SavePerson.swift in Sources */ = {isa = PBXBuildFile; fileRef = 026F41432B9B58DA00BA5074 /* SavePerson.swift */; };
		026F41462B9B58F200BA5074 /* DetailPerson.swift in Sources */ = {isa = PBXBuildFile; fileRef = 026F41452B9B58F200BA5074 /* DetailPerson.swift */; };
		026F41482B9B59A900BA5074 /* Contacts.swift in Sources */ = {isa = PBXBuildFile; fileRef = 026F41472B9B59A900BA5074 /* Contacts.swift */; };
/* End PBXBuildFile section */

/* Begin PBXFileReference section */
		026F41272B9B580700BA5074 /* ContactsApp.app */ = {isa = PBXFileReference; explicitFileType = wrapper.application; includeInIndex = 0; path = ContactsApp.app; sourceTree = BUILT_PRODUCTS_DIR; };
		026F412A2B9B580700BA5074 /* AppDelegate.swift */ = {isa = PBXFileReference; lastKnownFileType = sourcecode.swift; path = AppDelegate.swift; sourceTree = "<group>"; };
		026F412C2B9B580700BA5074 /* SceneDelegate.swift */ = {isa = PBXFileReference; lastKnownFileType = sourcecode.swift; path = SceneDelegate.swift; sourceTree = "<group>"; };
		026F412E2B9B580700BA5074 /* MainScreen.swift */ = {isa = PBXFileReference; lastKnownFileType = sourcecode.swift; path = MainScreen.swift; sourceTree = "<group>"; };
		026F41312B9B580700BA5074 /* Base */ = {isa = PBXFileReference; lastKnownFileType = file.storyboard; name = Base; path = Base.lproj/Main.storyboard; sourceTree = "<group>"; };
		026F41332B9B580800BA5074 /* Assets.xcassets */ = {isa = PBXFileReference; lastKnownFileType = folder.assetcatalog; path = Assets.xcassets; sourceTree = "<group>"; };
		026F41362B9B580800BA5074 /* Base */ = {isa = PBXFileReference; lastKnownFileType = file.storyboard; name = Base; path = Base.lproj/LaunchScreen.storyboard; sourceTree = "<group>"; };
		026F41382B9B580800BA5074 /* Info.plist */ = {isa = PBXFileReference; lastKnownFileType = text.plist.xml; path = Info.plist; sourceTree = "<group>"; };
		026F41432B9B58DA00BA5074 /* SavePerson.swift */ = {isa = PBXFileReference; lastKnownFileType = sourcecode.swift; path = SavePerson.swift; sourceTree = "<group>"; };
		026F41452B9B58F200BA5074 /* DetailPerson.swift */ = {isa = PBXFileReference; lastKnownFileType = sourcecode.swift; path = DetailPerson.swift; sourceTree = "<group>"; };
		026F41472B9B59A900BA5074 /* Contacts.swift */ = {isa = PBXFileReference; lastKnownFileType = sourcecode.swift; path = Contacts.swift; sourceTree = "<group>"; };
/* End PBXFileReference section */

/* Begin PBXFrameworksBuildPhase section */
		026F41242B9B580700BA5074 /* Frameworks */ = {
			isa = PBXFrameworksBuildPhase;
			buildActionMask = 2147483647;
			files = (
			);
			runOnlyForDeploymentPostprocessing = 0;
		};
/* End PBXFrameworksBuildPhase section */

/* Begin PBXGroup section */
		026F411E2B9B580700BA5074 = {
			isa = PBXGroup;
			children = (
				026F41292B9B580700BA5074 /* ContactsApp */,
				026F41282B9B580700BA5074 /* Products */,
			);
			sourceTree = "<group>";
		};
		026F41282B9B580700BA5074 /* Products */ = {
			isa = PBXGroup;
			children = (
				026F41272B9B580700BA5074 /* ContactsApp.app */,
			);
			name = Products;
			sourceTree = "<group>";
		};
		026F41292B9B580700BA5074 /* ContactsApp */ = {
			isa = PBXGroup;
			children = (
				026F412A2B9B580700BA5074 /* AppDelegate.swift */,
				026F412C2B9B580700BA5074 /* SceneDelegate.swift */,
				026F41402B9B585800BA5074 /* ui */,
				026F413E2B9B583F00BA5074 /* data */,
				026F41302B9B580700BA5074 /* Main.storyboard */,
				026F41332B9B580800BA5074 /* Assets.xcassets */,
				026F41352B9B580800BA5074 /* LaunchScreen.storyboard */,
				026F41382B9B580800BA5074 /* Info.plist */,
			);
			path = ContactsApp;
			sourceTree = "<group>";
		};
		026F413E2B9B583F00BA5074 /* data */ = {
			isa = PBXGroup;
			children = (
				026F41412B9B588C00BA5074 /* entity */,
			);
			path = data;
			sourceTree = "<group>";
		};
		026F41402B9B585800BA5074 /* ui */ = {
			isa = PBXGroup;
			children = (
				026F41422B9B589900BA5074 /* views */,
			);
			path = ui;
			sourceTree = "<group>";
		};
		026F41412B9B588C00BA5074 /* entity */ = {
			isa = PBXGroup;
			children = (
				026F41472B9B59A900BA5074 /* Contacts.swift */,
			);
			path = entity;
			sourceTree = "<group>";
		};
		026F41422B9B589900BA5074 /* views */ = {
			isa = PBXGroup;
			children = (
				026F412E2B9B580700BA5074 /* MainScreen.swift */,
				026F41432B9B58DA00BA5074 /* SavePerson.swift */,
				026F41452B9B58F200BA5074 /* DetailPerson.swift */,
			);
			path = views;
			sourceTree = "<group>";
		};
/* End PBXGroup section */

/* Begin PBXNativeTarget section */
		026F41262B9B580700BA5074 /* ContactsApp */ = {
			isa = PBXNativeTarget;
			buildConfigurationList = 026F413B2B9B580800BA5074 /* Build configuration list for PBXNativeTarget "ContactsApp" */;
			buildPhases = (
				026F41232B9B580700BA5074 /* Sources */,
				026F41242B9B580700BA5074 /* Frameworks */,
				026F41252B9B580700BA5074 /* Resources */,
			);
			buildRules = (
			);
			dependencies = (
			);
			name = ContactsApp;
			productName = ContactsApp;
			productReference = 026F41272B9B580700BA5074 /* ContactsApp.app */;
			productType = "com.apple.product-type.application";
		};
/* End PBXNativeTarget section */

/* Begin PBXProject section */
		026F411F2B9B580700BA5074 /* Project object */ = {
			isa = PBXProject;
			attributes = {
				BuildIndependentTargetsInParallel = 1;
				LastSwiftUpdateCheck = 1520;
				LastUpgradeCheck = 1520;
				TargetAttributes = {
					026F41262B9B580700BA5074 = {
						CreatedOnToolsVersion = 15.2;
					};
				};
			};
			buildConfigurationList = 026F41222B9B580700BA5074 /* Build configuration list for PBXProject "ContactsApp" */;
			compatibilityVersion = "Xcode 14.0";
			developmentRegion = en;
			hasScannedForEncodings = 0;
			knownRegions = (
				en,
				Base,
			);
			mainGroup = 026F411E2B9B580700BA5074;
			productRefGroup = 026F41282B9B580700BA5074 /* Products */;
			projectDirPath = "";
			projectRoot = "";
			targets = (
				026F41262B9B580700BA5074 /* ContactsApp */,
			);
		};
/* End PBXProject section */

/* Begin PBXResourcesBuildPhase section */
		026F41252B9B580700BA5074 /* Resources */ = {
			isa = PBXResourcesBuildPhase;
			buildActionMask = 2147483647;
			files = (
				026F41372B9B580800BA5074 /* LaunchScreen.storyboard in Resources */,
				026F41342B9B580800BA5074 /* Assets.xcassets in Resources */,
				026F41322B9B580700BA5074 /* Main.storyboard in Resources */,
			);
			runOnlyForDeploymentPostprocessing = 0;
		};
/* End PBXResourcesBuildPhase section */

/* Begin PBXSourcesBuildPhase section */
		026F41232B9B580700BA5074 /* Sources */ = {
			isa = PBXSourcesBuildPhase;
			buildActionMask = 2147483647;
			files = (
				026F412F2B9B580700BA5074 /* MainScreen.swift in Sources */,
				026F412B2B9B580700BA5074 /* AppDelegate.swift in Sources */,
				026F41482B9B59A900BA5074 /* Contacts.swift in Sources */,
				026F41442B9B58DA00BA5074 /* SavePerson.swift in Sources */,
				026F412D2B9B580700BA5074 /* SceneDelegate.swift in Sources */,
				026F41462B9B58F200BA5074 /* DetailPerson.swift in Sources */,
			);
			runOnlyForDeploymentPostprocessing = 0;
		};
/* End PBXSourcesBuildPhase section */

/* Begin PBXVariantGroup section */
		026F41302B9B580700BA5074 /* Main.storyboard */ = {
			isa = PBXVariantGroup;
			children = (
				026F41312B9B580700BA5074 /* Base */,
			);
			name = Main.storyboard;
			sourceTree = "<group>";
		};
		026F41352B9B580800BA5074 /* LaunchScreen.storyboard */ = {
			isa = PBXVariantGroup;
			children = (
				026F41362B9B580800BA5074 /* Base */,
			);
			name = LaunchScreen.storyboard;
			sourceTree = "<group>";
		};
/* End PBXVariantGroup section */

/* Begin XCBuildConfiguration section */
		026F41392B9B580800BA5074 /* Debug */ = {
			isa = XCBuildConfiguration;
			buildSettings = {
				ALWAYS_SEARCH_USER_PATHS = NO;
				ASSETCATALOG_COMPILER_GENERATE_SWIFT_ASSET_SYMBOL_EXTENSIONS = YES;
				CLANG_ANALYZER_NONNULL = YES;
				CLANG_ANALYZER_NUMBER_OBJECT_CONVERSION = YES_AGGRESSIVE;
				CLANG_CXX_LANGUAGE_STANDARD = "gnu++20";
				CLANG_ENABLE_MODULES = YES;
				CLANG_ENABLE_OBJC_ARC = YES;
				CLANG_ENABLE_OBJC_WEAK = YES;
				CLANG_WARN_BLOCK_CAPTURE_AUTORELEASING = YES;
				CLANG_WARN_BOOL_CONVERSION = YES;
				CLANG_WARN_COMMA = YES;
				CLANG_WARN_CONSTANT_CONVERSION = YES;
				CLANG_WARN_DEPRECATED_OBJC_IMPLEMENTATIONS = YES;
				CLANG_WARN_DIRECT_OBJC_ISA_USAGE = YES_ERROR;
				CLANG_WARN_DOCUMENTATION_COMMENTS = YES;
				CLANG_WARN_EMPTY_BODY = YES;
				CLANG_WARN_ENUM_CONVERSION = YES;
				CLANG_WARN_INFINITE_RECURSION = YES;
				CLANG_WARN_INT_CONVERSION = YES;
				CLANG_WARN_NON_LITERAL_NULL_CONVERSION = YES;
				CLANG_WARN_OBJC_IMPLICIT_RETAIN_SELF = YES;
				CLANG_WARN_OBJC_LITERAL_CONVERSION = YES;
				CLANG_WARN_OBJC_ROOT_CLASS = YES_ERROR;
				CLANG_WARN_QUOTED_INCLUDE_IN_FRAMEWORK_HEADER = YES;
				CLANG_WARN_RANGE_LOOP_ANALYSIS = YES;
				CLANG_WARN_STRICT_PROTOTYPES = YES;
				CLANG_WARN_SUSPICIOUS_MOVE = YES;
				CLANG_WARN_UNGUARDED_AVAILABILITY = YES_AGGRESSIVE;
				CLANG_WARN_UNREACHABLE_CODE = YES;
				CLANG_WARN__DUPLICATE_METHOD_MATCH = YES;
				COPY_PHASE_STRIP = NO;
				DEBUG_INFORMATION_FORMAT = dwarf;
				ENABLE_STRICT_OBJC_MSGSEND = YES;
				ENABLE_TESTABILITY = YES;
				ENABLE_USER_SCRIPT_SANDBOXING = YES;
				GCC_C_LANGUAGE_STANDARD = gnu17;
				GCC_DYNAMIC_NO_PIC = NO;
				GCC_NO_COMMON_BLOCKS = YES;
				GCC_OPTIMIZATION_LEVEL = 0;
				GCC_PREPROCESSOR_DEFINITIONS = (
					"DEBUG=1",
					"$(inherited)",
				);
				GCC_WARN_64_TO_32_BIT_CONVERSION = YES;
				GCC_WARN_ABOUT_RETURN_TYPE = YES_ERROR;
				GCC_WARN_UNDECLARED_SELECTOR = YES;
				GCC_WARN_UNINITIALIZED_AUTOS = YES_AGGRESSIVE;
				GCC_WARN_UNUSED_FUNCTION = YES;
				GCC_WARN_UNUSED_VARIABLE = YES;
				IPHONEOS_DEPLOYMENT_TARGET = 17.2;
				LOCALIZATION_PREFERS_STRING_CATALOGS = YES;
				MTL_ENABLE_DEBUG_INFO = INCLUDE_SOURCE;
				MTL_FAST_MATH = YES;
				ONLY_ACTIVE_ARCH = YES;
				SDKROOT = iphoneos;
				SWIFT_ACTIVE_COMPILATION_CONDITIONS = "DEBUG $(inherited)";
				SWIFT_OPTIMIZATION_LEVEL = "-Onone";
			};
			name = Debug;
		};
		026F413A2B9B580800BA5074 /* Release */ = {
			isa = XCBuildConfiguration;
			buildSettings = {
				ALWAYS_SEARCH_USER_PATHS = NO;
				ASSETCATALOG_COMPILER_GENERATE_SWIFT_ASSET_SYMBOL_EXTENSIONS = YES;
				CLANG_ANALYZER_NONNULL = YES;
				CLANG_ANALYZER_NUMBER_OBJECT_CONVERSION = YES_AGGRESSIVE;
				CLANG_CXX_LANGUAGE_STANDARD = "gnu++20";
				CLANG_ENABLE_MODULES = YES;
				CLANG_ENABLE_OBJC_ARC = YES;
				CLANG_ENABLE_OBJC_WEAK = YES;
				CLANG_WARN_BLOCK_CAPTURE_AUTORELEASING = YES;
				CLANG_WARN_BOOL_CONVERSION = YES;
				CLANG_WARN_COMMA = YES;
				CLANG_WARN_CONSTANT_CONVERSION = YES;
				CLANG_WARN_DEPRECATED_OBJC_IMPLEMENTATIONS = YES;
				CLANG_WARN_DIRECT_OBJC_ISA_USAGE = YES_ERROR;
				CLANG_WARN_DOCUMENTATION_COMMENTS = YES;
				CLANG_WARN_EMPTY_BODY = YES;
				CLANG_WARN_ENUM_CONVERSION = YES;
				CLANG_WARN_INFINITE_RECURSION = YES;
				CLANG_WARN_INT_CONVERSION = YES;
				CLANG_WARN_NON_LITERAL_NULL_CONVERSION = YES;
				CLANG_WARN_OBJC_IMPLICIT_RETAIN_SELF = YES;
				CLANG_WARN_OBJC_LITERAL_CONVERSION = YES;
				CLANG_WARN_OBJC_ROOT_CLASS = YES_ERROR;
				CLANG_WARN_QUOTED_INCLUDE_IN_FRAMEWORK_HEADER = YES;
				CLANG_WARN_RANGE_LOOP_ANALYSIS = YES;
				CLANG_WARN_STRICT_PROTOTYPES = YES;
				CLANG_WARN_SUSPICIOUS_MOVE = YES;
				CLANG_WARN_UNGUARDED_AVAILABILITY = YES_AGGRESSIVE;
				CLANG_WARN_UNREACHABLE_CODE = YES;
				CLANG_WARN__DUPLICATE_METHOD_MATCH = YES;
				COPY_PHASE_STRIP = NO;
				DEBUG_INFORMATION_FORMAT = "dwarf-with-dsym";
				ENABLE_NS_ASSERTIONS = NO;
				ENABLE_STRICT_OBJC_MSGSEND = YES;
				ENABLE_USER_SCRIPT_SANDBOXING = YES;
				GCC_C_LANGUAGE_STANDARD = gnu17;
				GCC_NO_COMMON_BLOCKS = YES;
				GCC_WARN_64_TO_32_BIT_CONVERSION = YES;
				GCC_WARN_ABOUT_RETURN_TYPE = YES_ERROR;
				GCC_WARN_UNDECLARED_SELECTOR = YES;
				GCC_WARN_UNINITIALIZED_AUTOS = YES_AGGRESSIVE;
				GCC_WARN_UNUSED_FUNCTION = YES;
				GCC_WARN_UNUSED_VARIABLE = YES;
				IPHONEOS_DEPLOYMENT_TARGET = 17.2;
				LOCALIZATION_PREFERS_STRING_CATALOGS = YES;
				MTL_ENABLE_DEBUG_INFO = NO;
				MTL_FAST_MATH = YES;
				SDKROOT = iphoneos;
				SWIFT_COMPILATION_MODE = wholemodule;
				VALIDATE_PRODUCT = YES;
			};
			name = Release;
		};
		026F413C2B9B580800BA5074 /* Debug */ = {
			isa = XCBuildConfiguration;
			buildSettings = {
				ASSETCATALOG_COMPILER_APPICON_NAME = AppIcon;
				ASSETCATALOG_COMPILER_GLOBAL_ACCENT_COLOR_NAME = AccentColor;
				CODE_SIGN_STYLE = Automatic;
				CURRENT_PROJECT_VERSION = 1;
				DEVELOPMENT_TEAM = C5XA58T994;
				GENERATE_INFOPLIST_FILE = YES;
				INFOPLIST_FILE = ContactsApp/Info.plist;
				INFOPLIST_KEY_UIApplicationSupportsIndirectInputEvents = YES;
				INFOPLIST_KEY_UILaunchStoryboardName = LaunchScreen;
				INFOPLIST_KEY_UIMainStoryboardFile = Main;
				INFOPLIST_KEY_UISupportedInterfaceOrientations_iPad = "UIInterfaceOrientationPortrait UIInterfaceOrientationPortraitUpsideDown UIInterfaceOrientationLandscapeLeft UIInterfaceOrientationLandscapeRight";
				INFOPLIST_KEY_UISupportedInterfaceOrientations_iPhone = "UIInterfaceOrientationPortrait UIInterfaceOrientationLandscapeLeft UIInterfaceOrientationLandscapeRight";
				LD_RUNPATH_SEARCH_PATHS = (
					"$(inherited)",
					"@executable_path/Frameworks",
				);
				MARKETING_VERSION = 1.0;
				PRODUCT_BUNDLE_IDENTIFIER = "Mehmet-TIRPAN.ContactsApp";
				PRODUCT_NAME = "$(TARGET_NAME)";
				SWIFT_EMIT_LOC_STRINGS = YES;
				SWIFT_VERSION = 5.0;
				TARGETED_DEVICE_FAMILY = "1,2";
			};
			name = Debug;
		};
		026F413D2B9B580800BA5074 /* Release */ = {
			isa = XCBuildConfiguration;
			buildSettings = {
				ASSETCATALOG_COMPILER_APPICON_NAME = AppIcon;
				ASSETCATALOG_COMPILER_GLOBAL_ACCENT_COLOR_NAME = AccentColor;
				CODE_SIGN_STYLE = Automatic;
				CURRENT_PROJECT_VERSION = 1;
				DEVELOPMENT_TEAM = C5XA58T994;
				GENERATE_INFOPLIST_FILE = YES;
				INFOPLIST_FILE = ContactsApp/Info.plist;
				INFOPLIST_KEY_UIApplicationSupportsIndirectInputEvents = YES;
				INFOPLIST_KEY_UILaunchStoryboardName = LaunchScreen;
				INFOPLIST_KEY_UIMainStoryboardFile = Main;
				INFOPLIST_KEY_UISupportedInterfaceOrientations_iPad = "UIInterfaceOrientationPortrait UIInterfaceOrientationPortraitUpsideDown UIInterfaceOrientationLandscapeLeft UIInterfaceOrientationLandscapeRight";
				INFOPLIST_KEY_UISupportedInterfaceOrientations_iPhone = "UIInterfaceOrientationPortrait UIInterfaceOrientationLandscapeLeft UIInterfaceOrientationLandscapeRight";
				LD_RUNPATH_SEARCH_PATHS = (
					"$(inherited)",
					"@executable_path/Frameworks",
				);
				MARKETING_VERSION = 1.0;
				PRODUCT_BUNDLE_IDENTIFIER = "Mehmet-TIRPAN.ContactsApp";
				PRODUCT_NAME = "$(TARGET_NAME)";
				SWIFT_EMIT_LOC_STRINGS = YES;
				SWIFT_VERSION = 5.0;
				TARGETED_DEVICE_FAMILY = "1,2";
			};
			name = Release;
		};
/* End XCBuildConfiguration section */

/* Begin XCConfigurationList section */
		026F41222B9B580700BA5074 /* Build configuration list for PBXProject "ContactsApp" */ = {
			isa = XCConfigurationList;
			buildConfigurations = (
				026F41392B9B580800BA5074 /* Debug */,
				026F413A2B9B580800BA5074 /* Release */,
			);
			defaultConfigurationIsVisible = 0;
			defaultConfigurationName = Release;
		};
		026F413B2B9B580800BA5074 /* Build configuration list for PBXNativeTarget "ContactsApp" */ = {
			isa = XCConfigurationList;
			buildConfigurations = (
				026F413C2B9B580800BA5074 /* Debug */,
				026F413D2B9B580800BA5074 /* Release */,
			);
			defaultConfigurationIsVisible = 0;
			defaultConfigurationName = Release;
		};
/* End XCConfigurationList section */
	};
	rootObject = 026F411F2B9B580700BA5074 /* Project object */;
}
