// !$*UTF8*$!
{
	archiveVersion = 1;
	classes = {
	};
	objectVersion = 56;
	objects = {

/* Begin PBXBuildFile section */
		022FE11B2B83B0E100A4A58A /* AppDelegate.swift in Sources */ = {isa = PBXBuildFile; fileRef = 022FE11A2B83B0E100A4A58A /* AppDelegate.swift */; };
		022FE11D2B83B0E100A4A58A /* SceneDelegate.swift in Sources */ = {isa = PBXBuildFile; fileRef = 022FE11C2B83B0E100A4A58A /* SceneDelegate.swift */; };
		022FE11F2B83B0E100A4A58A /* ViewController.swift in Sources */ = {isa = PBXBuildFile; fileRef = 022FE11E2B83B0E100A4A58A /* ViewController.swift */; };
		022FE1222B83B0E100A4A58A /* Main.storyboard in Resources */ = {isa = PBXBuildFile; fileRef = 022FE1202B83B0E100A4A58A /* Main.storyboard */; };
		022FE1242B83B0E200A4A58A /* Assets.xcassets in Resources */ = {isa = PBXBuildFile; fileRef = 022FE1232B83B0E200A4A58A /* Assets.xcassets */; };
		022FE1272B83B0E200A4A58A /* LaunchScreen.storyboard in Resources */ = {isa = PBXBuildFile; fileRef = 022FE1252B83B0E200A4A58A /* LaunchScreen.storyboard */; };
		023952082B8410B7000F0BA4 /* Pacifico-Regular.ttf in Resources */ = {isa = PBXBuildFile; fileRef = 023952072B8410B7000F0BA4 /* Pacifico-Regular.ttf */; };
/* End PBXBuildFile section */

/* Begin PBXFileReference section */
		022FE1172B83B0E100A4A58A /* FirstAppInBootcamp.app */ = {isa = PBXFileReference; explicitFileType = wrapper.application; includeInIndex = 0; path = FirstAppInBootcamp.app; sourceTree = BUILT_PRODUCTS_DIR; };
		022FE11A2B83B0E100A4A58A /* AppDelegate.swift */ = {isa = PBXFileReference; lastKnownFileType = sourcecode.swift; path = AppDelegate.swift; sourceTree = "<group>"; };
		022FE11C2B83B0E100A4A58A /* SceneDelegate.swift */ = {isa = PBXFileReference; lastKnownFileType = sourcecode.swift; path = SceneDelegate.swift; sourceTree = "<group>"; };
		022FE11E2B83B0E100A4A58A /* ViewController.swift */ = {isa = PBXFileReference; lastKnownFileType = sourcecode.swift; path = ViewController.swift; sourceTree = "<group>"; };
		022FE1212B83B0E100A4A58A /* Base */ = {isa = PBXFileReference; lastKnownFileType = file.storyboard; name = Base; path = Base.lproj/Main.storyboard; sourceTree = "<group>"; };
		022FE1232B83B0E200A4A58A /* Assets.xcassets */ = {isa = PBXFileReference; lastKnownFileType = folder.assetcatalog; path = Assets.xcassets; sourceTree = "<group>"; };
		022FE1262B83B0E200A4A58A /* Base */ = {isa = PBXFileReference; lastKnownFileType = file.storyboard; name = Base; path = Base.lproj/LaunchScreen.storyboard; sourceTree = "<group>"; };
		022FE1282B83B0E200A4A58A /* Info.plist */ = {isa = PBXFileReference; lastKnownFileType = text.plist.xml; path = Info.plist; sourceTree = "<group>"; };
		023952042B840C97000F0BA4 /* tr */ = {isa = PBXFileReference; lastKnownFileType = text.plist.strings; name = tr; path = tr.lproj/Main.strings; sourceTree = "<group>"; };
		023952052B840C97000F0BA4 /* tr */ = {isa = PBXFileReference; lastKnownFileType = text.plist.strings; name = tr; path = tr.lproj/LaunchScreen.strings; sourceTree = "<group>"; };
		023952072B8410B7000F0BA4 /* Pacifico-Regular.ttf */ = {isa = PBXFileReference; lastKnownFileType = file; path = "Pacifico-Regular.ttf"; sourceTree = "<group>"; };
/* End PBXFileReference section */

/* Begin PBXFrameworksBuildPhase section */
		022FE1142B83B0E100A4A58A /* Frameworks */ = {
			isa = PBXFrameworksBuildPhase;
			buildActionMask = 2147483647;
			files = (
			);
			runOnlyForDeploymentPostprocessing = 0;
		};
/* End PBXFrameworksBuildPhase section */

/* Begin PBXGroup section */
		022FE10E2B83B0E100A4A58A = {
			isa = PBXGroup;
			children = (
				023952072B8410B7000F0BA4 /* Pacifico-Regular.ttf */,
				022FE1192B83B0E100A4A58A /* FirstAppInBootcamp */,
				022FE1182B83B0E100A4A58A /* Products */,
			);
			sourceTree = "<group>";
		};
		022FE1182B83B0E100A4A58A /* Products */ = {
			isa = PBXGroup;
			children = (
				022FE1172B83B0E100A4A58A /* FirstAppInBootcamp.app */,
			);
			name = Products;
			sourceTree = "<group>";
		};
		022FE1192B83B0E100A4A58A /* FirstAppInBootcamp */ = {
			isa = PBXGroup;
			children = (
				022FE11A2B83B0E100A4A58A /* AppDelegate.swift */,
				022FE11C2B83B0E100A4A58A /* SceneDelegate.swift */,
				022FE11E2B83B0E100A4A58A /* ViewController.swift */,
				022FE1202B83B0E100A4A58A /* Main.storyboard */,
				022FE1232B83B0E200A4A58A /* Assets.xcassets */,
				022FE1252B83B0E200A4A58A /* LaunchScreen.storyboard */,
				022FE1282B83B0E200A4A58A /* Info.plist */,
			);
			path = FirstAppInBootcamp;
			sourceTree = "<group>";
		};
/* End PBXGroup section */

/* Begin PBXNativeTarget section */
		022FE1162B83B0E100A4A58A /* FirstAppInBootcamp */ = {
			isa = PBXNativeTarget;
			buildConfigurationList = 022FE12B2B83B0E200A4A58A /* Build configuration list for PBXNativeTarget "FirstAppInBootcamp" */;
			buildPhases = (
				022FE1132B83B0E100A4A58A /* Sources */,
				022FE1142B83B0E100A4A58A /* Frameworks */,
				022FE1152B83B0E100A4A58A /* Resources */,
			);
			buildRules = (
			);
			dependencies = (
			);
			name = FirstAppInBootcamp;
			productName = FirstAppInBootcamp;
			productReference = 022FE1172B83B0E100A4A58A /* FirstAppInBootcamp.app */;
			productType = "com.apple.product-type.application";
		};
/* End PBXNativeTarget section */

/* Begin PBXProject section */
		022FE10F2B83B0E100A4A58A /* Project object */ = {
			isa = PBXProject;
			attributes = {
				BuildIndependentTargetsInParallel = 1;
				LastSwiftUpdateCheck = 1430;
				LastUpgradeCheck = 1430;
				TargetAttributes = {
					022FE1162B83B0E100A4A58A = {
						CreatedOnToolsVersion = 14.3.1;
					};
				};
			};
			buildConfigurationList = 022FE1122B83B0E100A4A58A /* Build configuration list for PBXProject "FirstAppInBootcamp" */;
			compatibilityVersion = "Xcode 14.0";
			developmentRegion = en;
			hasScannedForEncodings = 0;
			knownRegions = (
				en,
				Base,
				tr,
			);
			mainGroup = 022FE10E2B83B0E100A4A58A;
			productRefGroup = 022FE1182B83B0E100A4A58A /* Products */;
			projectDirPath = "";
			projectRoot = "";
			targets = (
				022FE1162B83B0E100A4A58A /* FirstAppInBootcamp */,
			);
		};
/* End PBXProject section */

/* Begin PBXResourcesBuildPhase section */
		022FE1152B83B0E100A4A58A /* Resources */ = {
			isa = PBXResourcesBuildPhase;
			buildActionMask = 2147483647;
			files = (
				022FE1272B83B0E200A4A58A /* LaunchScreen.storyboard in Resources */,
				023952082B8410B7000F0BA4 /* Pacifico-Regular.ttf in Resources */,
				022FE1242B83B0E200A4A58A /* Assets.xcassets in Resources */,
				022FE1222B83B0E100A4A58A /* Main.storyboard in Resources */,
			);
			runOnlyForDeploymentPostprocessing = 0;
		};
/* End PBXResourcesBuildPhase section */

/* Begin PBXSourcesBuildPhase section */
		022FE1132B83B0E100A4A58A /* Sources */ = {
			isa = PBXSourcesBuildPhase;
			buildActionMask = 2147483647;
			files = (
				022FE11F2B83B0E100A4A58A /* ViewController.swift in Sources */,
				022FE11B2B83B0E100A4A58A /* AppDelegate.swift in Sources */,
				022FE11D2B83B0E100A4A58A /* SceneDelegate.swift in Sources */,
			);
			runOnlyForDeploymentPostprocessing = 0;
		};
/* End PBXSourcesBuildPhase section */

/* Begin PBXVariantGroup section */
		022FE1202B83B0E100A4A58A /* Main.storyboard */ = {
			isa = PBXVariantGroup;
			children = (
				022FE1212B83B0E100A4A58A /* Base */,
				023952042B840C97000F0BA4 /* tr */,
			);
			name = Main.storyboard;
			sourceTree = "<group>";
		};
		022FE1252B83B0E200A4A58A /* LaunchScreen.storyboard */ = {
			isa = PBXVariantGroup;
			children = (
				022FE1262B83B0E200A4A58A /* Base */,
				023952052B840C97000F0BA4 /* tr */,
			);
			name = LaunchScreen.storyboard;
			sourceTree = "<group>";
		};
/* End PBXVariantGroup section */

/* Begin XCBuildConfiguration section */
		022FE1292B83B0E200A4A58A /* Debug */ = {
			isa = XCBuildConfiguration;
			buildSettings = {
				ALWAYS_SEARCH_USER_PATHS = NO;
				CLANG_ANALYZER_LOCALIZABILITY_NONLOCALIZED = YES;
				CLANG_ANALYZER_NONNULL = YES;
				CLANG_ANALYZER_NUMBER_OBJECT_CONVERSION = YES_AGGRESSIVE;
				CLANG_CXX_LANGUAGE_STANDARD = "gnu++20";
				CLANG_ENABLE_MODULES = YES;
				CLANG_ENABLE_OBJC_ARC = YES;
				CLANG_ENABLE_OBJC_WEAK = YES;
				CLANG_WARN_BLOCK_CAPTURE_AUTORELEASING = YES;
				CLANG_WARN_BOOL_CONVERSION = YES;
				CLANG_WARN_COMMA = YES;
				CLANG_WARN_CONSTANT_CONVERSION = YES;
				CLANG_WARN_DEPRECATED_OBJC_IMPLEMENTATIONS = YES;
				CLANG_WARN_DIRECT_OBJC_ISA_USAGE = YES_ERROR;
				CLANG_WARN_DOCUMENTATION_COMMENTS = YES;
				CLANG_WARN_EMPTY_BODY = YES;
				CLANG_WARN_ENUM_CONVERSION = YES;
				CLANG_WARN_INFINITE_RECURSION = YES;
				CLANG_WARN_INT_CONVERSION = YES;
				CLANG_WARN_NON_LITERAL_NULL_CONVERSION = YES;
				CLANG_WARN_OBJC_IMPLICIT_RETAIN_SELF = YES;
				CLANG_WARN_OBJC_LITERAL_CONVERSION = YES;
				CLANG_WARN_OBJC_ROOT_CLASS = YES_ERROR;
				CLANG_WARN_QUOTED_INCLUDE_IN_FRAMEWORK_HEADER = YES;
				CLANG_WARN_RANGE_LOOP_ANALYSIS = YES;
				CLANG_WARN_STRICT_PROTOTYPES = YES;
				CLANG_WARN_SUSPICIOUS_MOVE = YES;
				CLANG_WARN_UNGUARDED_AVAILABILITY = YES_AGGRESSIVE;
				CLANG_WARN_UNREACHABLE_CODE = YES;
				CLANG_WARN__DUPLICATE_METHOD_MATCH = YES;
				COPY_PHASE_STRIP = NO;
				DEBUG_INFORMATION_FORMAT = dwarf;
				ENABLE_STRICT_OBJC_MSGSEND = YES;
				ENABLE_TESTABILITY = YES;
				GCC_C_LANGUAGE_STANDARD = gnu11;
				GCC_DYNAMIC_NO_PIC = NO;
				GCC_NO_COMMON_BLOCKS = YES;
				GCC_OPTIMIZATION_LEVEL = 0;
				GCC_PREPROCESSOR_DEFINITIONS = (
					"DEBUG=1",
					"$(inherited)",
				);
				GCC_WARN_64_TO_32_BIT_CONVERSION = YES;
				GCC_WARN_ABOUT_RETURN_TYPE = YES_ERROR;
				GCC_WARN_UNDECLARED_SELECTOR = YES;
				GCC_WARN_UNINITIALIZED_AUTOS = YES_AGGRESSIVE;
				GCC_WARN_UNUSED_FUNCTION = YES;
				GCC_WARN_UNUSED_VARIABLE = YES;
				IPHONEOS_DEPLOYMENT_TARGET = 16.4;
				MTL_ENABLE_DEBUG_INFO = INCLUDE_SOURCE;
				MTL_FAST_MATH = YES;
				ONLY_ACTIVE_ARCH = YES;
				SDKROOT = iphoneos;
				SWIFT_ACTIVE_COMPILATION_CONDITIONS = DEBUG;
				SWIFT_OPTIMIZATION_LEVEL = "-Onone";
			};
			name = Debug;
		};
		022FE12A2B83B0E200A4A58A /* Release */ = {
			isa = XCBuildConfiguration;
			buildSettings = {
				ALWAYS_SEARCH_USER_PATHS = NO;
				CLANG_ANALYZER_LOCALIZABILITY_NONLOCALIZED = YES;
				CLANG_ANALYZER_NONNULL = YES;
				CLANG_ANALYZER_NUMBER_OBJECT_CONVERSION = YES_AGGRESSIVE;
				CLANG_CXX_LANGUAGE_STANDARD = "gnu++20";
				CLANG_ENABLE_MODULES = YES;
				CLANG_ENABLE_OBJC_ARC = YES;
				CLANG_ENABLE_OBJC_WEAK = YES;
				CLANG_WARN_BLOCK_CAPTURE_AUTORELEASING = YES;
				CLANG_WARN_BOOL_CONVERSION = YES;
				CLANG_WARN_COMMA = YES;
				CLANG_WARN_CONSTANT_CONVERSION = YES;
				CLANG_WARN_DEPRECATED_OBJC_IMPLEMENTATIONS = YES;
				CLANG_WARN_DIRECT_OBJC_ISA_USAGE = YES_ERROR;
				CLANG_WARN_DOCUMENTATION_COMMENTS = YES;
				CLANG_WARN_EMPTY_BODY = YES;
				CLANG_WARN_ENUM_CONVERSION = YES;
				CLANG_WARN_INFINITE_RECURSION = YES;
				CLANG_WARN_INT_CONVERSION = YES;
				CLANG_WARN_NON_LITERAL_NULL_CONVERSION = YES;
				CLANG_WARN_OBJC_IMPLICIT_RETAIN_SELF = YES;
				CLANG_WARN_OBJC_LITERAL_CONVERSION = YES;
				CLANG_WARN_OBJC_ROOT_CLASS = YES_ERROR;
				CLANG_WARN_QUOTED_INCLUDE_IN_FRAMEWORK_HEADER = YES;
				CLANG_WARN_RANGE_LOOP_ANALYSIS = YES;
				CLANG_WARN_STRICT_PROTOTYPES = YES;
				CLANG_WARN_SUSPICIOUS_MOVE = YES;
				CLANG_WARN_UNGUARDED_AVAILABILITY = YES_AGGRESSIVE;
				CLANG_WARN_UNREACHABLE_CODE = YES;
				CLANG_WARN__DUPLICATE_METHOD_MATCH = YES;
				COPY_PHASE_STRIP = NO;
				DEBUG_INFORMATION_FORMAT = "dwarf-with-dsym";
				ENABLE_NS_ASSERTIONS = NO;
				ENABLE_STRICT_OBJC_MSGSEND = YES;
				GCC_C_LANGUAGE_STANDARD = gnu11;
				GCC_NO_COMMON_BLOCKS = YES;
				GCC_WARN_64_TO_32_BIT_CONVERSION = YES;
				GCC_WARN_ABOUT_RETURN_TYPE = YES_ERROR;
				GCC_WARN_UNDECLARED_SELECTOR = YES;
				GCC_WARN_UNINITIALIZED_AUTOS = YES_AGGRESSIVE;
				GCC_WARN_UNUSED_FUNCTION = YES;
				GCC_WARN_UNUSED_VARIABLE = YES;
				IPHONEOS_DEPLOYMENT_TARGET = 16.4;
				MTL_ENABLE_DEBUG_INFO = NO;
				MTL_FAST_MATH = YES;
				SDKROOT = iphoneos;
				SWIFT_COMPILATION_MODE = wholemodule;
				SWIFT_OPTIMIZATION_LEVEL = "-O";
				VALIDATE_PRODUCT = YES;
			};
			name = Release;
		};
		022FE12C2B83B0E200A4A58A /* Debug */ = {
			isa = XCBuildConfiguration;
			buildSettings = {
				ASSETCATALOG_COMPILER_APPICON_NAME = AppIcon;
				ASSETCATALOG_COMPILER_GLOBAL_ACCENT_COLOR_NAME = AccentColor;
				CODE_SIGN_STYLE = Automatic;
				CURRENT_PROJECT_VERSION = 1;
				DEVELOPMENT_TEAM = C5XA58T994;
				GENERATE_INFOPLIST_FILE = YES;
				INFOPLIST_FILE = FirstAppInBootcamp/Info.plist;
				INFOPLIST_KEY_CFBundleDisplayName = "Pizza Shop";
				INFOPLIST_KEY_UIApplicationSupportsIndirectInputEvents = YES;
				INFOPLIST_KEY_UILaunchStoryboardName = LaunchScreen;
				INFOPLIST_KEY_UIMainStoryboardFile = Main;
				INFOPLIST_KEY_UISupportedInterfaceOrientations_iPad = "UIInterfaceOrientationPortrait UIInterfaceOrientationPortraitUpsideDown UIInterfaceOrientationLandscapeLeft UIInterfaceOrientationLandscapeRight";
				INFOPLIST_KEY_UISupportedInterfaceOrientations_iPhone = "UIInterfaceOrientationPortrait UIInterfaceOrientationLandscapeLeft UIInterfaceOrientationLandscapeRight";
				LD_RUNPATH_SEARCH_PATHS = (
					"$(inherited)",
					"@executable_path/Frameworks",
				);
				MARKETING_VERSION = 1.0;
				PRODUCT_BUNDLE_IDENTIFIER = "Mehmet-TIRPAN.FirstAppInBootcamp";
				PRODUCT_NAME = "$(TARGET_NAME)";
				SWIFT_EMIT_LOC_STRINGS = YES;
				SWIFT_VERSION = 5.0;
				TARGETED_DEVICE_FAMILY = "1,2";
			};
			name = Debug;
		};
		022FE12D2B83B0E200A4A58A /* Release */ = {
			isa = XCBuildConfiguration;
			buildSettings = {
				ASSETCATALOG_COMPILER_APPICON_NAME = AppIcon;
				ASSETCATALOG_COMPILER_GLOBAL_ACCENT_COLOR_NAME = AccentColor;
				CODE_SIGN_STYLE = Automatic;
				CURRENT_PROJECT_VERSION = 1;
				DEVELOPMENT_TEAM = C5XA58T994;
				GENERATE_INFOPLIST_FILE = YES;
				INFOPLIST_FILE = FirstAppInBootcamp/Info.plist;
				INFOPLIST_KEY_CFBundleDisplayName = "Pizza Shop";
				INFOPLIST_KEY_UIApplicationSupportsIndirectInputEvents = YES;
				INFOPLIST_KEY_UILaunchStoryboardName = LaunchScreen;
				INFOPLIST_KEY_UIMainStoryboardFile = Main;
				INFOPLIST_KEY_UISupportedInterfaceOrientations_iPad = "UIInterfaceOrientationPortrait UIInterfaceOrientationPortraitUpsideDown UIInterfaceOrientationLandscapeLeft UIInterfaceOrientationLandscapeRight";
				INFOPLIST_KEY_UISupportedInterfaceOrientations_iPhone = "UIInterfaceOrientationPortrait UIInterfaceOrientationLandscapeLeft UIInterfaceOrientationLandscapeRight";
				LD_RUNPATH_SEARCH_PATHS = (
					"$(inherited)",
					"@executable_path/Frameworks",
				);
				MARKETING_VERSION = 1.0;
				PRODUCT_BUNDLE_IDENTIFIER = "Mehmet-TIRPAN.FirstAppInBootcamp";
				PRODUCT_NAME = "$(TARGET_NAME)";
				SWIFT_EMIT_LOC_STRINGS = YES;
				SWIFT_VERSION = 5.0;
				TARGETED_DEVICE_FAMILY = "1,2";
			};
			name = Release;
		};
/* End XCBuildConfiguration section */

/* Begin XCConfigurationList section */
		022FE1122B83B0E100A4A58A /* Build configuration list for PBXProject "FirstAppInBootcamp" */ = {
			isa = XCConfigurationList;
			buildConfigurations = (
				022FE1292B83B0E200A4A58A /* Debug */,
				022FE12A2B83B0E200A4A58A /* Release */,
			);
			defaultConfigurationIsVisible = 0;
			defaultConfigurationName = Release;
		};
		022FE12B2B83B0E200A4A58A /* Build configuration list for PBXNativeTarget "FirstAppInBootcamp" */ = {
			isa = XCConfigurationList;
			buildConfigurations = (
				022FE12C2B83B0E200A4A58A /* Debug */,
				022FE12D2B83B0E200A4A58A /* Release */,
			);
			defaultConfigurationIsVisible = 0;
			defaultConfigurationName = Release;
		};
/* End XCConfigurationList section */
	};
	rootObject = 022FE10F2B83B0E100A4A58A /* Project object */;
}
